{
  "version": 4,
  "terraform_version": "0.14.5",
  "serial": 104,
  "lineage": "bf962e50-501c-77e3-985f-0df94343b5c0",
  "outputs": {},
  "resources": [
    {
      "mode": "data",
      "type": "aws_iam_policy",
      "name": "AdministratorAccess",
      "provider": "provider[\"registry.terraform.io/hashicorp/aws\"]",
      "instances": [
        {
          "schema_version": 0,
          "attributes": {
            "arn": "arn:aws:iam::aws:policy/AdministratorAccess",
            "description": "Provides full access to AWS services and resources.",
            "id": "arn:aws:iam::aws:policy/AdministratorAccess",
            "name": "AdministratorAccess",
            "path": "/",
            "policy": "{\n  \"Version\": \"2012-10-17\",\n  \"Statement\": [\n    {\n      \"Effect\": \"Allow\",\n      \"Action\": \"*\",\n      \"Resource\": \"*\"\n    }\n  ]\n}"
          },
          "sensitive_attributes": []
        }
      ]
    },
    {
      "mode": "managed",
      "type": "aws_iam_access_key",
      "name": "ec2-alpha",
      "provider": "provider[\"registry.terraform.io/hashicorp/aws\"]",
      "instances": [
        {
          "schema_version": 0,
          "attributes": {
            "create_date": "2021-02-24T00:24:18Z",
            "encrypted_secret": null,
            "id": "AKIAQLPBWT6G6RKJIGDU",
            "key_fingerprint": null,
            "pgp_key": null,
            "secret": "PmbxfggznnxA8JElTO97kqIIMchET2+7B3SH8V/x",
            "ses_smtp_password_v4": "BCo7QK0C2wVby5pwGkzICzZg/8q1kriiUABQkD7it8nZ",
            "status": "Active",
            "user": "ec2-alpha"
          },
          "sensitive_attributes": [],
          "private": "bnVsbA==",
          "dependencies": [
            "aws_iam_user.ec2-alpha"
          ]
        }
      ]
    },
    {
      "mode": "managed",
      "type": "aws_iam_group",
      "name": "ec2-mods",
      "provider": "provider[\"registry.terraform.io/hashicorp/aws\"]",
      "instances": [
        {
          "schema_version": 0,
          "attributes": {
            "arn": "arn:aws:iam::024632532877:group/users/ec2-mods",
            "id": "ec2-mods",
            "name": "ec2-mods",
            "path": "/users/",
            "unique_id": "AGPAQLPBWT6GYDD26JDAF"
          },
          "sensitive_attributes": [],
          "private": "bnVsbA=="
        }
      ]
    },
    {
      "mode": "managed",
      "type": "aws_iam_user",
      "name": "ec2-alpha",
      "provider": "provider[\"registry.terraform.io/hashicorp/aws\"]",
      "instances": [
        {
          "schema_version": 0,
          "attributes": {
            "arn": "arn:aws:iam::024632532877:user/system/ec2-alpha",
            "force_destroy": false,
            "id": "ec2-alpha",
            "name": "ec2-alpha",
            "path": "/system/",
            "permissions_boundary": null,
            "tags": {
              "tag-key": "tag-value"
            },
            "unique_id": "AIDAQLPBWT6GS6IS5WJN5"
          },
          "sensitive_attributes": [],
          "private": "bnVsbA=="
        }
      ]
    },
    {
      "mode": "managed",
      "type": "aws_iam_user_login_profile",
      "name": "ec2-alpha",
      "provider": "provider[\"registry.terraform.io/hashicorp/aws\"]",
      "instances": [
        {
          "schema_version": 0,
          "attributes": {
            "encrypted_password": "wcFMA5VCDhWbo7dXARAAAwVglzlrdEYTJZKzTLGhjHvEblQJyPt9owY34mk2N7pmZjDuLHTkOwotyY2Pq2O/vMtNp4zSfVkMGeAtzPkTtevx3OxbXIs7EA9UKxKZsVOMYKmyYz05FOnzgDVla0pEZ/dEIaJeCmHIUBKyLg1CIiun7e/YI+32PMCmFieCjRFis/BEkGvn2Hb/xCGGajcqOwvVLf9vbY2ARVcNJSBIEosjPbht14u1OzJ0lJfjg4I4pY5cPNcfGLtiKnlSt9lRsVN76hUvCT1YEQUM76et3bYaZluYm3bg24Zt0zdZgbooBE3CaL8vmLap60k8koAYn09+94hjlKdPW4ndRPtR5e5Lb51NND7iZNrY5w9oJYj144m729pA2Ok27pmkELCN6RfiHVpSdQeF54eyQsrUYT8OhLzo6+ugtj4hJnPbIHtbkqFIjzHrSC1UVQQwzcl578BO3OrJ2YbReh4VxGDDGWakDsc8HPNX/Qt8iHxE/7oVs4FeBa5eGbG7JyvSjut27VSCiccSVaSudgvAaHujQzCB1jlR9uar70tmUweG0vZvibqXs4QwyIJdKmux51d6EpbT4Nt8+tdav4Sk63k5yR1WZov/dtmhtb0LgTAPTdrQUgciOAs1WqtYbNUowmn+kWF0h/iWVMau2tTrp1dOqDDJbwtOL0ui2HntDyoi8ZnS4AHkhSTe+9YtAbs3rAiMwFzRpuGsb+Dz4HjhmmXguuKglUdH4ILjSIItDwP/Q+7gVuE/MuCs5BnRr8c/5Ea1difI9MPY/2zi809PreHziQA=",
            "id": "ec2-alpha",
            "key_fingerprint": "5fe8924c7709e717a1c7f2076f1baf53ae6dbd05",
            "password_length": 10,
            "password_reset_required": true,
            "pgp_key": "keybase:kieldemarco",
            "user": "ec2-alpha"
          },
          "sensitive_attributes": [],
          "private": "bnVsbA==",
          "dependencies": [
            "aws_iam_user.ec2-alpha"
          ]
        }
      ]
    },
    {
      "mode": "managed",
      "type": "local_file",
      "name": "ec2-alpha_password",
      "provider": "provider[\"registry.terraform.io/hashicorp/local\"]",
      "instances": [
        {
          "schema_version": 0,
          "attributes": {
            "content": null,
            "content_base64": null,
            "directory_permission": "0777",
            "file_permission": "0600",
            "filename": "encrypted_password.ec2-alpha.txt",
            "id": "7e404216a273b3f075e5bbd80c158dca8dda15fe",
            "sensitive_content": "-----BEGIN PGP MESSAGE-----\nComment: https://keybase.io/download\nVersion: Keybase Go 1.0.10 (linux)\n\nwcFMA5VCDhWbo7dXARAAAwVglzlrdEYTJZKzTLGhjHvEblQJyPt9owY34mk2N7pmZjDuLHTkOwotyY2Pq2O/vMtNp4zSfVkMGeAtzPkTtevx3OxbXIs7EA9UKxKZsVOMYKmyYz05FOnzgDVla0pEZ/dEIaJeCmHIUBKyLg1CIiun7e/YI+32PMCmFieCjRFis/BEkGvn2Hb/xCGGajcqOwvVLf9vbY2ARVcNJSBIEosjPbht14u1OzJ0lJfjg4I4pY5cPNcfGLtiKnlSt9lRsVN76hUvCT1YEQUM76et3bYaZluYm3bg24Zt0zdZgbooBE3CaL8vmLap60k8koAYn09+94hjlKdPW4ndRPtR5e5Lb51NND7iZNrY5w9oJYj144m729pA2Ok27pmkELCN6RfiHVpSdQeF54eyQsrUYT8OhLzo6+ugtj4hJnPbIHtbkqFIjzHrSC1UVQQwzcl578BO3OrJ2YbReh4VxGDDGWakDsc8HPNX/Qt8iHxE/7oVs4FeBa5eGbG7JyvSjut27VSCiccSVaSudgvAaHujQzCB1jlR9uar70tmUweG0vZvibqXs4QwyIJdKmux51d6EpbT4Nt8+tdav4Sk63k5yR1WZov/dtmhtb0LgTAPTdrQUgciOAs1WqtYbNUowmn+kWF0h/iWVMau2tTrp1dOqDDJbwtOL0ui2HntDyoi8ZnS4AHkhSTe+9YtAbs3rAiMwFzRpuGsb+Dz4HjhmmXguuKglUdH4ILjSIItDwP/Q+7gVuE/MuCs5BnRr8c/5Ea1difI9MPY/2zi809PreHziQA=\n-----END PGP MESSAGE-----\n",
            "source": null
          },
          "sensitive_attributes": [],
          "private": "bnVsbA==",
          "dependencies": [
            "aws_iam_user.ec2-alpha",
            "aws_iam_user_login_profile.ec2-alpha"
          ]
        }
      ]
    }
  ]
}
